
Microsoft Visual Studio Solution File, Format Version 12.00
# Visual Studio Version 16
VisualStudioVersion = 16.0.31613.86
MinimumVisualStudioVersion = 10.0.40219.1
Project("{FAE04EC0-301F-11D3-BF4B-00C04F79EFBC}") = "BethanysPieShopHRM_Module_06", "BethanysPieShopHRM_Module_06\BethanysPieShopHRM_Module_06.csproj", "{2026670F-03EC-4D34-806D-8D06F34A01D1}"
EndProject
Global
	GlobalSection(SolutionConfigurationPlatforms) = preSolution
		Debug|Any CPU = Debug|Any CPU
		Release|Any CPU = Release|Any CPU
	EndGlobalSection
	GlobalSection(ProjectConfigurationPlatforms) = postSolution
		{2026670F-03EC-4D34-806D-8D06F34A01D1}.Debug|Any CPU.ActiveCfg = Debug|Any CPU
		{2026670F-03EC-4D34-806D-8D06F34A01D1}.Debug|Any CPU.Build.0 = Debug|Any CPU
		{2026670F-03EC-4D34-806D-8D06F34A01D1}.Release|Any CPU.ActiveCfg = Release|Any CPU
		{2026670F-03EC-4D34-806D-8D06F34A01D1}.Release|Any CPU.Build.0 = Release|Any CPU
	EndGlobalSection
	GlobalSection(SolutionProperties) = preSolution
		HideSolutionNode = FALSE
	EndGlobalSection
	GlobalSection(ExtensibilityGlobals) = postSolution
		SolutionGuid = {8CE2B927-E8CA-4857-986E-9159A9C64ED9}
	EndGlobalSection
EndGlobal
